
Microsoft Visual Studio Solution File, Format Version 12.00
# Visual Studio Version 16
VisualStudioVersion = 16.0.31321.278
MinimumVisualStudioVersion = 10.0.40219.1
Project("{FAE04EC0-301F-11D3-BF4B-00C04F79EFBC}") = "Assignment1_BasicCalculator", "Assignment1_BasicCalculator\Assignment1_BasicCalculator.csproj", "{FA865ECC-A49E-4FDD-8D2B-308398CD9F2F}"
EndProject
Global
	GlobalSection(SolutionConfigurationPlatforms) = preSolution
		Debug|Any CPU = Debug|Any CPU
		Release|Any CPU = Release|Any CPU
	EndGlobalSection
	GlobalSection(ProjectConfigurationPlatforms) = postSolution
		{FA865ECC-A49E-4FDD-8D2B-308398CD9F2F}.Debug|Any CPU.ActiveCfg = Debug|Any CPU
		{FA865ECC-A49E-4FDD-8D2B-308398CD9F2F}.Debug|Any CPU.Build.0 = Debug|Any CPU
		{FA865ECC-A49E-4FDD-8D2B-308398CD9F2F}.Release|Any CPU.ActiveCfg = Release|Any CPU
		{FA865ECC-A49E-4FDD-8D2B-308398CD9F2F}.Release|Any CPU.Build.0 = Release|Any CPU
	EndGlobalSection
	GlobalSection(SolutionProperties) = preSolution
		HideSolutionNode = FALSE
	EndGlobalSection
	GlobalSection(ExtensibilityGlobals) = postSolution
		SolutionGuid = {C460FD00-5A17-477B-8CCB-4BA2120A5F4B}
	EndGlobalSection
EndGlobal
